
Microsoft Visual Studio Solution File, Format Version 12.00
# Visual Studio Version 16
VisualStudioVersion = 16.0.29102.190
MinimumVisualStudioVersion = 10.0.40219.1
Project("{FAE04EC0-301F-11D3-BF4B-00C04F79EFBC}") = "CSVORM_Magnitude", "CSVORM_Magnitude\CSVORM_Magnitude.csproj", "{985845A8-3CDF-46AA-8517-E80B9A4EA538}"
EndProject
Project("{FAE04EC0-301F-11D3-BF4B-00C04F79EFBC}") = "CSVORM_Magnitude.Tests", "CSVORM_Magnitude.Tests\CSVORM_Magnitude.Tests.csproj", "{6A68CD7D-C95A-48AC-96B8-5A36BE576549}"
EndProject
Global
	GlobalSection(SolutionConfigurationPlatforms) = preSolution
		Debug|Any CPU = Debug|Any CPU
		Release|Any CPU = Release|Any CPU
	EndGlobalSection
	GlobalSection(ProjectConfigurationPlatforms) = postSolution
		{985845A8-3CDF-46AA-8517-E80B9A4EA538}.Debug|Any CPU.ActiveCfg = Debug|Any CPU
		{985845A8-3CDF-46AA-8517-E80B9A4EA538}.Debug|Any CPU.Build.0 = Debug|Any CPU
		{985845A8-3CDF-46AA-8517-E80B9A4EA538}.Release|Any CPU.ActiveCfg = Release|Any CPU
		{985845A8-3CDF-46AA-8517-E80B9A4EA538}.Release|Any CPU.Build.0 = Release|Any CPU
		{6A68CD7D-C95A-48AC-96B8-5A36BE576549}.Debug|Any CPU.ActiveCfg = Debug|Any CPU
		{6A68CD7D-C95A-48AC-96B8-5A36BE576549}.Debug|Any CPU.Build.0 = Debug|Any CPU
		{6A68CD7D-C95A-48AC-96B8-5A36BE576549}.Release|Any CPU.ActiveCfg = Release|Any CPU
		{6A68CD7D-C95A-48AC-96B8-5A36BE576549}.Release|Any CPU.Build.0 = Release|Any CPU
	EndGlobalSection
	GlobalSection(SolutionProperties) = preSolution
		HideSolutionNode = FALSE
	EndGlobalSection
	GlobalSection(ExtensibilityGlobals) = postSolution
		SolutionGuid = {B6CABA79-FFE0-462D-ABE2-DDA3CAE2EF30}
	EndGlobalSection
EndGlobal
